<?xml version="1.0" encoding="utf-8"?>
<Project ToolsVersion="4.0" xmlns="http://schemas.microsoft.com/developer/msbuild/2003">
  <ItemGroup>
    <Filter Include="源文件">
      <UniqueIdentifier>{4FC737F1-C7A5-4376-A066-2A32D752A2FF}</UniqueIdentifier>
      <Extensions>cpp;c;cc;cxx;def;odl;idl;hpj;bat;asm;asmx</Extensions>
    </Filter>
    <Filter Include="头文件">
      <UniqueIdentifier>{93995380-89BD-4b04-88EB-625FBE52EBFB}</UniqueIdentifier>
      <Extensions>h;hh;hpp;hxx;hm;inl;inc;xsd</Extensions>
    </Filter>
    <Filter Include="资源文件">
      <UniqueIdentifier>{67DA6AB6-F800-4c08-8B7A-83BB121AAD01}</UniqueIdentifier>
      <Extensions>rc;ico;cur;bmp;dlg;rc2;rct;bin;rgs;gif;jpg;jpeg;jpe;resx;tiff;tif;png;wav;mfcribbon-ms</Extensions>
    </Filter>
    <Filter Include="ProgramStudy">
      <UniqueIdentifier>{d73d58f6-cf19-4984-835b-dbbefc7c68ef}</UniqueIdentifier>
    </Filter>
    <Filter Include="ProgramStudy\chapter01">
      <UniqueIdentifier>{c35063ef-d8a1-45d1-9584-8215978f3a86}</UniqueIdentifier>
    </Filter>
  </ItemGroup>
  <ItemGroup>
    <ClCompile Include="HelloWorld.cpp">
      <Filter>ProgramStudy\chapter01</Filter>
    </ClCompile>
    <ClCompile Include="divide.cpp">
      <Filter>ProgramStudy\chapter01</Filter>
    </ClCompile>
    <ClCompile Include="main.cpp">
      <Filter>ProgramStudy\chapter01</Filter>
    </ClCompile>
    <ClCompile Include="ScanfTest.cpp">
      <Filter>ProgramStudy\chapter01</Filter>
    </ClCompile>
    <ClCompile Include="OJscanf.cpp">
      <Filter>ProgramStudy\chapter01</Filter>
    </ClCompile>
    <ClCompile Include="FreopenTest.cpp">
      <Filter>ProgramStudy\chapter01</Filter>
    </ClCompile>
    <ClCompile Include="PrimeTest.cpp">
      <Filter>ProgramStudy\chapter01</Filter>
    </ClCompile>
    <ClCompile Include="DayNumber.cpp">
      <Filter>ProgramStudy\chapter01</Filter>
    </ClCompile>
    <ClCompile Include="MulMatrix.cpp">
      <Filter>ProgramStudy\chapter01</Filter>
    </ClCompile>
    <ClCompile Include="Strstr.cpp">
      <Filter>ProgramStudy\chapter01</Filter>
    </ClCompile>
  </ItemGroup>
  <ItemGroup>
    <ClInclude Include="main.h">
      <Filter>头文件</Filter>
    </ClInclude>
  </ItemGroup>
  <ItemGroup>
    <Text Include="test.txt">
      <Filter>资源文件</Filter>
    </Text>
  </ItemGroup>
</Project>